
Microsoft Visual Studio Solution File, Format Version 12.00
# Visual Studio Version 16
VisualStudioVersion = 16.0.32428.217
MinimumVisualStudioVersion = 10.0.40219.1
Project("{FAE04EC0-301F-11D3-BF4B-00C04F79EFBC}") = "Brive.Ejercicio1.API", "Brive.Ejercicio1.API\Brive.Ejercicio1.API.csproj", "{3C97792E-CFE1-4EDE-A058-07DBC450E00C}"
EndProject
Global
	GlobalSection(SolutionConfigurationPlatforms) = preSolution
		Debug|Any CPU = Debug|Any CPU
		Release|Any CPU = Release|Any CPU
	EndGlobalSection
	GlobalSection(ProjectConfigurationPlatforms) = postSolution
		{3C97792E-CFE1-4EDE-A058-07DBC450E00C}.Debug|Any CPU.ActiveCfg = Debug|Any CPU
		{3C97792E-CFE1-4EDE-A058-07DBC450E00C}.Debug|Any CPU.Build.0 = Debug|Any CPU
		{3C97792E-CFE1-4EDE-A058-07DBC450E00C}.Release|Any CPU.ActiveCfg = Release|Any CPU
		{3C97792E-CFE1-4EDE-A058-07DBC450E00C}.Release|Any CPU.Build.0 = Release|Any CPU
	EndGlobalSection
	GlobalSection(SolutionProperties) = preSolution
		HideSolutionNode = FALSE
	EndGlobalSection
	GlobalSection(ExtensibilityGlobals) = postSolution
		SolutionGuid = {EA89CEB5-0D64-4755-B709-8BB6821AD76A}
	EndGlobalSection
EndGlobal
